
Microsoft Visual Studio Solution File, Format Version 12.00
# Visual Studio Version 17
VisualStudioVersion = 17.4.33213.308
MinimumVisualStudioVersion = 10.0.40219.1
Project("{9A19103F-16F7-4668-BE54-9A1E7A4F7556}") = "TestProject1", "TestProject1\TestProject1.csproj", "{D06009E8-A7F6-4CBA-8895-02C11831D4B5}"
EndProject
Project("{9A19103F-16F7-4668-BE54-9A1E7A4F7556}") = "Training", "Training\Training.csproj", "{8AF76290-8923-4BEC-81C6-B1965DB2BC4E}"
EndProject
Global
	GlobalSection(SolutionConfigurationPlatforms) = preSolution
		Debug|Any CPU = Debug|Any CPU
		Release|Any CPU = Release|Any CPU
	EndGlobalSection
	GlobalSection(ProjectConfigurationPlatforms) = postSolution
		{D06009E8-A7F6-4CBA-8895-02C11831D4B5}.Debug|Any CPU.ActiveCfg = Debug|Any CPU
		{D06009E8-A7F6-4CBA-8895-02C11831D4B5}.Debug|Any CPU.Build.0 = Debug|Any CPU
		{D06009E8-A7F6-4CBA-8895-02C11831D4B5}.Release|Any CPU.ActiveCfg = Release|Any CPU
		{D06009E8-A7F6-4CBA-8895-02C11831D4B5}.Release|Any CPU.Build.0 = Release|Any CPU
		{8AF76290-8923-4BEC-81C6-B1965DB2BC4E}.Debug|Any CPU.ActiveCfg = Debug|Any CPU
		{8AF76290-8923-4BEC-81C6-B1965DB2BC4E}.Debug|Any CPU.Build.0 = Debug|Any CPU
		{8AF76290-8923-4BEC-81C6-B1965DB2BC4E}.Release|Any CPU.ActiveCfg = Release|Any CPU
		{8AF76290-8923-4BEC-81C6-B1965DB2BC4E}.Release|Any CPU.Build.0 = Release|Any CPU
	EndGlobalSection
	GlobalSection(SolutionProperties) = preSolution
		HideSolutionNode = FALSE
	EndGlobalSection
	GlobalSection(ExtensibilityGlobals) = postSolution
		SolutionGuid = {7FD47C3B-8D5A-44C8-BB2F-69D2F2A96B91}
	EndGlobalSection
EndGlobal
