
Microsoft Visual Studio Solution File, Format Version 12.00
# Visual Studio Version 17
VisualStudioVersion = 17.4.33213.308
MinimumVisualStudioVersion = 10.0.40219.1
Project("{9A19103F-16F7-4668-BE54-9A1E7A4F7556}") = "Training", "Training\Training.csproj", "{51D52378-6378-48E1-B398-46B0E0BDC1EC}"
EndProject
Project("{FAE04EC0-301F-11D3-BF4B-00C04F79EFBC}") = "Test", "Test\Test.csproj", "{D8A84969-7811-41B4-98C1-D07C6C985D73}"
EndProject
Global
	GlobalSection(SolutionConfigurationPlatforms) = preSolution
		Debug|Any CPU = Debug|Any CPU
		Release|Any CPU = Release|Any CPU
	EndGlobalSection
	GlobalSection(ProjectConfigurationPlatforms) = postSolution
		{51D52378-6378-48E1-B398-46B0E0BDC1EC}.Debug|Any CPU.ActiveCfg = Debug|Any CPU
		{51D52378-6378-48E1-B398-46B0E0BDC1EC}.Debug|Any CPU.Build.0 = Debug|Any CPU
		{51D52378-6378-48E1-B398-46B0E0BDC1EC}.Release|Any CPU.ActiveCfg = Release|Any CPU
		{51D52378-6378-48E1-B398-46B0E0BDC1EC}.Release|Any CPU.Build.0 = Release|Any CPU
		{D8A84969-7811-41B4-98C1-D07C6C985D73}.Debug|Any CPU.ActiveCfg = Debug|Any CPU
		{D8A84969-7811-41B4-98C1-D07C6C985D73}.Debug|Any CPU.Build.0 = Debug|Any CPU
		{D8A84969-7811-41B4-98C1-D07C6C985D73}.Release|Any CPU.ActiveCfg = Release|Any CPU
		{D8A84969-7811-41B4-98C1-D07C6C985D73}.Release|Any CPU.Build.0 = Release|Any CPU
	EndGlobalSection
	GlobalSection(SolutionProperties) = preSolution
		HideSolutionNode = FALSE
	EndGlobalSection
	GlobalSection(ExtensibilityGlobals) = postSolution
		SolutionGuid = {7FD47C3B-8D5A-44C8-BB2F-69D2F2A96B91}
	EndGlobalSection
EndGlobal
